[[package]]
name = "babel"
version = "2.9.0"
description = "Internationalization utilities"
category = "dev"
optional = false
python-versions = ">=2.7, !=3.0.*, !=3.1.*, !=3.2.*, !=3.3.*"

[package.dependencies]
pytz = ">=2015.7"

[[package]]
name = "coverage"
version = "5.3"
description = "Code coverage measurement for Python"
category = "dev"
optional = false
python-versions = ">=2.7, !=3.0.*, !=3.1.*, !=3.2.*, !=3.3.*, !=3.4.*, <4"

[package.extras]
toml = ["toml"]

[[package]]
name = "flake8"
version = "3.8.4"
description = "the modular source code checker: pep8 pyflakes and co"
category = "dev"
optional = false
python-versions = "!=3.0.*,!=3.1.*,!=3.2.*,!=3.3.*,>=2.7"

[package.dependencies]
importlib-metadata = {version = "*", markers = "python_version < \"3.8\""}
mccabe = ">=0.6.0,<0.7.0"
pycodestyle = ">=2.6.0a1,<2.7.0"
pyflakes = ">=2.2.0,<2.3.0"

[[package]]
name = "importlib-metadata"
version = "2.0.0"
description = "Read metadata from Python packages"
category = "main"
optional = false
python-versions = "!=3.0.*,!=3.1.*,!=3.2.*,!=3.3.*,!=3.4.*,>=2.7"

[package.dependencies]
zipp = ">=0.5"

[package.extras]
docs = ["sphinx", "rst.linker"]
testing = ["packaging", "pep517", "importlib-resources (>=1.3)"]

[[package]]
name = "mccabe"
version = "0.6.1"
description = "McCabe checker, plugin for flake8"
category = "dev"
optional = false
python-versions = "*"

[[package]]
name = "nose"
version = "1.3.7"
description = "nose extends unittest to make testing easier"
category = "dev"
optional = false
python-versions = "*"

[[package]]
name = "nosexcover"
version = "1.0.11"
description = "Extends nose.plugins.cover to add Cobertura-style XML reports"
category = "dev"
optional = false
python-versions = "*"

[package.dependencies]
coverage = ">=3.4"
nose = "*"

[[package]]
name = "pillow"
version = "3.1.2"
description = "Python Imaging Library (Fork)"
category = "main"
optional = false
python-versions = "*"

[[package]]
name = "pycodestyle"
version = "2.6.0"
description = "Python style guide checker"
category = "dev"
optional = false
python-versions = ">=2.7, !=3.0.*, !=3.1.*, !=3.2.*, !=3.3.*"

[[package]]
name = "pyflakes"
version = "2.2.0"
description = "passive checker of Python programs"
category = "dev"
optional = false
python-versions = ">=2.7, !=3.0.*, !=3.1.*, !=3.2.*, !=3.3.*"

[[package]]
name = "pyserial"
version = "2.7"
description = "Python Serial Port Extension"
category = "main"
optional = false
python-versions = "*"

[[package]]
name = "pytz"
version = "2020.4"
description = "World timezone definitions, modern and historical"
category = "dev"
optional = false
python-versions = "*"

[[package]]
name = "qrcode"
version = "5.3"
description = "QR Code image generator"
category = "main"
optional = false
python-versions = "*"

[package.dependencies]
six = "*"

[[package]]
name = "six"
version = "1.15.0"
description = "Python 2 and 3 compatibility utilities"
category = "main"
optional = false
python-versions = ">=2.7, !=3.0.*, !=3.1.*, !=3.2.*"

[[package]]
name = "zipp"
version = "1.2.0"
description = "Backport of pathlib-compatible object wrapper for zip files"
category = "main"
optional = false
python-versions = ">=2.7"

[package.extras]
docs = ["sphinx", "jaraco.packaging (>=3.2)", "rst.linker (>=1.9)"]
testing = ["pathlib2", "unittest2", "jaraco.itertools", "func-timeout"]

[[package]]
name = "zope.interface"
version = "4.7.2"
description = "Interfaces for Python"
category = "main"
optional = false
python-versions = ">=2.7, !=3.0.*, !=3.1.*, !=3.2.*, !=3.3.*, !=3.4.*"

[package.extras]
docs = ["sphinx", "repoze.sphinx.autointerface"]
test = ["zope.event"]
testing = ["zope.event", "nose", "coverage"]

[metadata]
lock-version = "1.1"
python-versions = "^3.5"
content-hash = "70d56d62798fdd9ae124cc531a00fce7c95c4d78ede79181aff8732badd85171"

[metadata.files]
babel = [
    {file = "Babel-2.9.0-py2.py3-none-any.whl", hash = "sha256:9d35c22fcc79893c3ecc85ac4a56cde1ecf3f19c540bba0922308a6c06ca6fa5"},
    {file = "Babel-2.9.0.tar.gz", hash = "sha256:da031ab54472314f210b0adcff1588ee5d1d1d0ba4dbd07b94dba82bde791e05"},
]
coverage = [
    {file = "coverage-5.3-cp27-cp27m-macosx_10_13_intel.whl", hash = "sha256:bd3166bb3b111e76a4f8e2980fa1addf2920a4ca9b2b8ca36a3bc3dedc618270"},
    {file = "coverage-5.3-cp27-cp27m-macosx_10_9_x86_64.whl", hash = "sha256:9342dd70a1e151684727c9c91ea003b2fb33523bf19385d4554f7897ca0141d4"},
    {file = "coverage-5.3-cp27-cp27m-manylinux1_i686.whl", hash = "sha256:63808c30b41f3bbf65e29f7280bf793c79f54fb807057de7e5238ffc7cc4d7b9"},
    {file = "coverage-5.3-cp27-cp27m-manylinux1_x86_64.whl", hash = "sha256:4d6a42744139a7fa5b46a264874a781e8694bb32f1d76d8137b68138686f1729"},
    {file = "coverage-5.3-cp27-cp27m-win32.whl", hash = "sha256:86e9f8cd4b0cdd57b4ae71a9c186717daa4c5a99f3238a8723f416256e0b064d"},
    {file = "coverage-5.3-cp27-cp27m-win_amd64.whl", hash = "sha256:7858847f2d84bf6e64c7f66498e851c54de8ea06a6f96a32a1d192d846734418"},
    {file = "coverage-5.3-cp27-cp27mu-manylinux1_i686.whl", hash = "sha256:530cc8aaf11cc2ac7430f3614b04645662ef20c348dce4167c22d99bec3480e9"},
    {file = "coverage-5.3-cp27-cp27mu-manylinux1_x86_64.whl", hash = "sha256:381ead10b9b9af5f64646cd27107fb27b614ee7040bb1226f9c07ba96625cbb5"},
    {file = "coverage-5.3-cp35-cp35m-macosx_10_13_x86_64.whl", hash = "sha256:71b69bd716698fa62cd97137d6f2fdf49f534decb23a2c6fc80813e8b7be6822"},
    {file = "coverage-5.3-cp35-cp35m-manylinux1_i686.whl", hash = "sha256:1d44bb3a652fed01f1f2c10d5477956116e9b391320c94d36c6bf13b088a1097"},
    {file = "coverage-5.3-cp35-cp35m-manylinux1_x86_64.whl", hash = "sha256:1c6703094c81fa55b816f5ae542c6ffc625fec769f22b053adb42ad712d086c9"},
    {file = "coverage-5.3-cp35-cp35m-win32.whl", hash = "sha256:cedb2f9e1f990918ea061f28a0f0077a07702e3819602d3507e2ff98c8d20636"},
    {file = "coverage-5.3-cp35-cp35m-win_amd64.whl", hash = "sha256:7f43286f13d91a34fadf61ae252a51a130223c52bfefb50310d5b2deb062cf0f"},
    {file = "coverage-5.3-cp36-cp36m-macosx_10_13_x86_64.whl", hash = "sha256:c851b35fc078389bc16b915a0a7c1d5923e12e2c5aeec58c52f4aa8085ac8237"},
    {file = "coverage-5.3-cp36-cp36m-manylinux1_i686.whl", hash = "sha256:aac1ba0a253e17889550ddb1b60a2063f7474155465577caa2a3b131224cfd54"},
    {file = "coverage-5.3-cp36-cp36m-manylinux1_x86_64.whl", hash = "sha256:2b31f46bf7b31e6aa690d4c7a3d51bb262438c6dcb0d528adde446531d0d3bb7"},
    {file = "coverage-5.3-cp36-cp36m-win32.whl", hash = "sha256:c5f17ad25d2c1286436761b462e22b5020d83316f8e8fcb5deb2b3151f8f1d3a"},
    {file = "coverage-5.3-cp36-cp36m-win_amd64.whl", hash = "sha256:aef72eae10b5e3116bac6957de1df4d75909fc76d1499a53fb6387434b6bcd8d"},
    {file = "coverage-5.3-cp37-cp37m-macosx_10_13_x86_64.whl", hash = "sha256:e8caf961e1b1a945db76f1b5fa9c91498d15f545ac0ababbe575cfab185d3bd8"},
    {file = "coverage-5.3-cp37-cp37m-manylinux1_i686.whl", hash = "sha256:29a6272fec10623fcbe158fdf9abc7a5fa032048ac1d8631f14b50fbfc10d17f"},
    {file = "coverage-5.3-cp37-cp37m-manylinux1_x86_64.whl", hash = "sha256:2d43af2be93ffbad25dd959899b5b809618a496926146ce98ee0b23683f8c51c"},
    {file = "coverage-5.3-cp37-cp37m-win32.whl", hash = "sha256:c3888a051226e676e383de03bf49eb633cd39fc829516e5334e69b8d81aae751"},
    {file = "coverage-5.3-cp37-cp37m-win_amd64.whl", hash = "sha256:9669179786254a2e7e57f0ecf224e978471491d660aaca833f845b72a2df3709"},
    {file = "coverage-5.3-cp38-cp38-macosx_10_9_x86_64.whl", hash = "sha256:0203acd33d2298e19b57451ebb0bed0ab0c602e5cf5a818591b4918b1f97d516"},
    {file = "coverage-5.3-cp38-cp38-manylinux1_i686.whl", hash = "sha256:582ddfbe712025448206a5bc45855d16c2e491c2dd102ee9a2841418ac1c629f"},
    {file = "coverage-5.3-cp38-cp38-manylinux1_x86_64.whl", hash = "sha256:0f313707cdecd5cd3e217fc68c78a960b616604b559e9ea60cc16795c4304259"},
    {file = "coverage-5.3-cp38-cp38-win32.whl", hash = "sha256:78e93cc3571fd928a39c0b26767c986188a4118edc67bc0695bc7a284da22e82"},
    {file = "coverage-5.3-cp38-cp38-win_amd64.whl", hash = "sha256:8f264ba2701b8c9f815b272ad568d555ef98dfe1576802ab3149c3629a9f2221"},
    {file = "coverage-5.3-cp39-cp39-macosx_10_13_x86_64.whl", hash = "sha256:50691e744714856f03a86df3e2bff847c2acede4c191f9a1da38f088df342978"},
    {file = "coverage-5.3-cp39-cp39-manylinux1_i686.whl", hash = "sha256:9361de40701666b034c59ad9e317bae95c973b9ff92513dd0eced11c6adf2e21"},
    {file = "coverage-5.3-cp39-cp39-manylinux1_x86_64.whl", hash = "sha256:c1b78fb9700fc961f53386ad2fd86d87091e06ede5d118b8a50dea285a071c24"},
    {file = "coverage-5.3-cp39-cp39-win32.whl", hash = "sha256:cb7df71de0af56000115eafd000b867d1261f786b5eebd88a0ca6360cccfaca7"},
    {file = "coverage-5.3-cp39-cp39-win_amd64.whl", hash = "sha256:47a11bdbd8ada9b7ee628596f9d97fbd3851bd9999d398e9436bd67376dbece7"},
    {file = "coverage-5.3.tar.gz", hash = "sha256:280baa8ec489c4f542f8940f9c4c2181f0306a8ee1a54eceba071a449fb870a0"},
]
flake8 = [
    {file = "flake8-3.8.4-py2.py3-none-any.whl", hash = "sha256:749dbbd6bfd0cf1318af27bf97a14e28e5ff548ef8e5b1566ccfb25a11e7c839"},
    {file = "flake8-3.8.4.tar.gz", hash = "sha256:aadae8761ec651813c24be05c6f7b4680857ef6afaae4651a4eccaef97ce6c3b"},
]
importlib-metadata = [
    {file = "importlib_metadata-2.0.0-py2.py3-none-any.whl", hash = "sha256:cefa1a2f919b866c5beb7c9f7b0ebb4061f30a8a9bf16d609b000e2dfaceb9c3"},
    {file = "importlib_metadata-2.0.0.tar.gz", hash = "sha256:77a540690e24b0305878c37ffd421785a6f7e53c8b5720d211b211de8d0e95da"},
]
mccabe = [
    {file = "mccabe-0.6.1-py2.py3-none-any.whl", hash = "sha256:ab8a6258860da4b6677da4bd2fe5dc2c659cff31b3ee4f7f5d64e79735b80d42"},
    {file = "mccabe-0.6.1.tar.gz", hash = "sha256:dd8d182285a0fe56bace7f45b5e7d1a6ebcbf524e8f3bd87eb0f125271b8831f"},
]
nose = [
    {file = "nose-1.3.7-py2-none-any.whl", hash = "sha256:dadcddc0aefbf99eea214e0f1232b94f2fa9bd98fa8353711dacb112bfcbbb2a"},
    {file = "nose-1.3.7-py3-none-any.whl", hash = "sha256:9ff7c6cc443f8c51994b34a667bbcf45afd6d945be7477b52e97516fd17c53ac"},
    {file = "nose-1.3.7.tar.gz", hash = "sha256:f1bffef9cbc82628f6e7d7b40d7e255aefaa1adb6a1b1d26c69a8b79e6208a98"},
]
nosexcover = [
    {file = "nosexcover-1.0.11-py2.py3-none-any.whl", hash = "sha256:445de3e7f0b2d1bf0b53ac21aa924870eb2b46cc1aa4cc91629639a606b39177"},
    {file = "nosexcover-1.0.11.tar.gz", hash = "sha256:298c3c655da587f6cab8a666e9f4b150320032431062dea91353988d45c8b883"},
]
pillow = [
    {file = "Pillow-3.1.2.tar.gz", hash = "sha256:c593622445503ae1ee361d3a6bb40794e043b43d00c96fcb298ba43ecd375905"},
    {file = "Pillow-3.1.2.zip", hash = "sha256:54fb1db9d8ed3d05831f0124a3241579d7d27dd95eaa72d3a85ef97dc8b8c4d5"},
]
pycodestyle = [
    {file = "pycodestyle-2.6.0-py2.py3-none-any.whl", hash = "sha256:2295e7b2f6b5bd100585ebcb1f616591b652db8a741695b3d8f5d28bdc934367"},
    {file = "pycodestyle-2.6.0.tar.gz", hash = "sha256:c58a7d2815e0e8d7972bf1803331fb0152f867bd89adf8a01dfd55085434192e"},
]
pyflakes = [
    {file = "pyflakes-2.2.0-py2.py3-none-any.whl", hash = "sha256:0d94e0e05a19e57a99444b6ddcf9a6eb2e5c68d3ca1e98e90707af8152c90a92"},
    {file = "pyflakes-2.2.0.tar.gz", hash = "sha256:35b2d75ee967ea93b55750aa9edbbf72813e06a66ba54438df2cfac9e3c27fc8"},
]
pyserial = [
    {file = "pyserial-2.7.tar.gz", hash = "sha256:3542ec0838793e61d6224e27ff05e8ce4ba5a5c5cc4ec5c6a3e8d49247985477"},
    {file = "pyserial-2.7.win32.exe", hash = "sha256:c9417776e46bf15772601359a48fa1041612a5b7012fba1f5f331a08b9147c8d"},
    {file = "pyserial-2.7.win32_py3k.exe", hash = "sha256:6409e3c3aeb01fa30ddcac6834e880eec665ff088be86fdc472941e033f90b08"},
]
pytz = [
    {file = "pytz-2020.4-py2.py3-none-any.whl", hash = "sha256:5c55e189b682d420be27c6995ba6edce0c0a77dd67bfbe2ae6607134d5851ffd"},
    {file = "pytz-2020.4.tar.gz", hash = "sha256:3e6b7dd2d1e0a59084bcee14a17af60c5c562cdc16d828e8eba2e683d3a7e268"},
]
qrcode = [
    {file = "qrcode-5.3-py2.py3-none-any.whl", hash = "sha256:60222a612b83231ed99e6cb36e55311227c395d0d0f62e41bb51ebbb84a9a22b"},
    {file = "qrcode-5.3.tar.gz", hash = "sha256:4115ccee832620df16b659d4653568331015c718a754855caf5930805d76924e"},
]
six = [
    {file = "six-1.15.0-py2.py3-none-any.whl", hash = "sha256:8b74bedcbbbaca38ff6d7491d76f2b06b3592611af620f8426e82dddb04a5ced"},
    {file = "six-1.15.0.tar.gz", hash = "sha256:30639c035cdb23534cd4aa2dd52c3bf48f06e5f4a941509c8bafd8ce11080259"},
]
zipp = [
    {file = "zipp-1.2.0-py2.py3-none-any.whl", hash = "sha256:e0d9e63797e483a30d27e09fffd308c59a700d365ec34e93cc100844168bf921"},
    {file = "zipp-1.2.0.tar.gz", hash = "sha256:c70410551488251b0fee67b460fb9a536af8d6f9f008ad10ac51f615b6a521b1"},
]
"zope.interface" = [
    {file = "zope.interface-4.7.2-cp27-cp27m-macosx_10_9_x86_64.whl", hash = "sha256:34381fcecc6e6f57d72bc2fab6175976eeacdd61dbb34427a37b260238278199"},
    {file = "zope.interface-4.7.2-cp27-cp27m-manylinux1_i686.whl", hash = "sha256:4d0830e1d544b2c303064ec01923de2b9d6f5b5d0d78608a91d758b0f469361c"},
    {file = "zope.interface-4.7.2-cp27-cp27m-manylinux1_x86_64.whl", hash = "sha256:73a618e734803ded8b8d8f14f9a6371c6a1acc445840cf6ae57733041e796671"},
    {file = "zope.interface-4.7.2-cp27-cp27m-manylinux2010_i686.whl", hash = "sha256:a82d36ecc28e72904388f72f57f3c04aee7c43a019e302d61944b3886c261be3"},
    {file = "zope.interface-4.7.2-cp27-cp27m-manylinux2010_x86_64.whl", hash = "sha256:b0029f193d91a1e0085e4a99dd71e4c63a3e7826ec4a8d2ea457f02e1b6b0bb4"},
    {file = "zope.interface-4.7.2-cp27-cp27m-win32.whl", hash = "sha256:d8a0cb84de725ccd6abd9b5bd32cb94a11db336076fb6d459f1fed23d0719e0c"},
    {file = "zope.interface-4.7.2-cp27-cp27m-win_amd64.whl", hash = "sha256:a36e7e1972109504dfa0995a89b6c24a990113eb4cedef93d0eaf1452901b6ac"},
    {file = "zope.interface-4.7.2-cp27-cp27mu-manylinux1_i686.whl", hash = "sha256:2690fd5b042062d866017db11ce1e12d4862df28614cc2915dc57e52b46a8594"},
    {file = "zope.interface-4.7.2-cp27-cp27mu-manylinux1_x86_64.whl", hash = "sha256:0616040d5a18786aff5d25ef6e1fa0f875b7ba5b6f1a923c1153be81dd9c65ad"},
    {file = "zope.interface-4.7.2-cp27-cp27mu-manylinux2010_i686.whl", hash = "sha256:6f1e8914eee2e3a0bcf435d963ca5cf3a3df89a47cbd3e2b16343bc875194fed"},
    {file = "zope.interface-4.7.2-cp27-cp27mu-manylinux2010_x86_64.whl", hash = "sha256:a41a34c55887743ee124e8f696217dec1a7eead1164d27ef27dfae528c396a23"},
    {file = "zope.interface-4.7.2-cp35-cp35m-macosx_10_6_intel.whl", hash = "sha256:1033e7bb858c398580ca7cbb50f15b715e6031d5772f8a1bde4042c12300a52a"},
    {file = "zope.interface-4.7.2-cp35-cp35m-manylinux1_i686.whl", hash = "sha256:ae6c4a1fa696c12c3b654fa0d160f3781271f0edbbb0ae50f285a91f2a272a09"},
    {file = "zope.interface-4.7.2-cp35-cp35m-manylinux1_x86_64.whl", hash = "sha256:64446f9baa2c51f47b0e272939c583ffd220e67f5bcbc2f18dd244c5a46a7018"},
    {file = "zope.interface-4.7.2-cp35-cp35m-manylinux2010_i686.whl", hash = "sha256:a7b50fa86c1bd863ef3b3314da62928c015a732bb0aef220852b9606104f0df5"},
    {file = "zope.interface-4.7.2-cp35-cp35m-manylinux2010_x86_64.whl", hash = "sha256:a9fce290a6ba88e5e6e81dd1e800c045212df69ab69d1de0d303b1af9cec692f"},
    {file = "zope.interface-4.7.2-cp35-cp35m-win32.whl", hash = "sha256:f044fec9c7e1b0ec6fdf0d3abc648c2f3b9128933051a9a73af52dbdd9e6d6e9"},
    {file = "zope.interface-4.7.2-cp35-cp35m-win_amd64.whl", hash = "sha256:23c4a70a9abb8faa35e2967e2e7cbd9225512b706b6eb96b01eb1ccbb2b632c3"},
    {file = "zope.interface-4.7.2-cp36-cp36m-macosx_10_6_intel.whl", hash = "sha256:61b95dbfd03ce2a55c38da711cba7130605dbef4839ca12b53c46827826c5c5b"},
    {file = "zope.interface-4.7.2-cp36-cp36m-manylinux1_i686.whl", hash = "sha256:98a21acc7d1e45fcb700831b66ec6c84a3c2a5a94868d72ef83565966adc474f"},
    {file = "zope.interface-4.7.2-cp36-cp36m-manylinux1_x86_64.whl", hash = "sha256:6f2bf246ee9350f428860c37db6158cfb27a7e585d60b2bb3b88864810875835"},
    {file = "zope.interface-4.7.2-cp36-cp36m-manylinux2010_i686.whl", hash = "sha256:b12241fac561b635329c3275e911a53e104b43875b99d31332d006d52e180912"},
    {file = "zope.interface-4.7.2-cp36-cp36m-manylinux2010_x86_64.whl", hash = "sha256:7d3c4f10b7a8502a68a8eadcd57e86a35e3948af3edee7bd49a21b225361b0da"},
    {file = "zope.interface-4.7.2-cp36-cp36m-win32.whl", hash = "sha256:02339c53bbf7e438dec371af1f401e4843f9dc5765b3b032032b195dd72b47f2"},
    {file = "zope.interface-4.7.2-cp36-cp36m-win_amd64.whl", hash = "sha256:31fdcc9eaf2c379e8b416184a0749ce3f95fdaf206b092b63bdc065aecca6a95"},
    {file = "zope.interface-4.7.2-cp37-cp37m-macosx_10_9_x86_64.whl", hash = "sha256:9e67e9fa7dc43210ad766cd6eef133d9d256a530fe07e5585685cdc742170d10"},
    {file = "zope.interface-4.7.2-cp37-cp37m-manylinux1_i686.whl", hash = "sha256:b906dda76ab70b6905ef3014260e7f1c861a0c4841e29826eb34a6187255504b"},
    {file = "zope.interface-4.7.2-cp37-cp37m-manylinux1_x86_64.whl", hash = "sha256:07de051fac6dedc6c659034f80bc46623edc776c757fa26f3f467954b12d2403"},
    {file = "zope.interface-4.7.2-cp37-cp37m-manylinux2010_i686.whl", hash = "sha256:36e7438d2f71153cea6b119ddd2648bc010cec4368fd8e7170e50090c0d7ed19"},
    {file = "zope.interface-4.7.2-cp37-cp37m-manylinux2010_x86_64.whl", hash = "sha256:4855384c27fe7e31efbee32f74659421d64e5bfa8b7df2ec08d306d0f3d4cee6"},
    {file = "zope.interface-4.7.2-cp37-cp37m-win32.whl", hash = "sha256:3b6a2ef2c6b4e9786939bd9861e7b98bc01cb3024f87c8cf4b78872f2afcf584"},
    {file = "zope.interface-4.7.2-cp37-cp37m-win_amd64.whl", hash = "sha256:eb92c733be08c6e2b8dfd4613d1b3c2f345ca4f83219d40fda4680333d3a0dc4"},
    {file = "zope.interface-4.7.2-cp38-cp38-manylinux1_i686.whl", hash = "sha256:07a8bb9110854c0ab9329adbbec7050af242a78a62e226ab49e9c2182090f501"},
    {file = "zope.interface-4.7.2-cp38-cp38-manylinux1_x86_64.whl", hash = "sha256:11db683f49652b34aa87904b27d00f9032fa2db7f1f9676c05b13361a3c7547c"},
    {file = "zope.interface-4.7.2-cp38-cp38-manylinux2010_i686.whl", hash = "sha256:65cef4766be4be9372621cd17773424302c21785dfaf6e9bd5b64b1f1264f9cc"},
    {file = "zope.interface-4.7.2-cp38-cp38-manylinux2010_x86_64.whl", hash = "sha256:08ae0a88ac29b92faff069e0511ad27197b3274bdf67ebd8c75aaeb05823c7af"},
    {file = "zope.interface-4.7.2-cp38-cp38-win32.whl", hash = "sha256:993051db4278f9ec3b191ae823a7bb32b6a91fed6e960d43500fc4ce64cdb4e0"},
    {file = "zope.interface-4.7.2-cp38-cp38-win_amd64.whl", hash = "sha256:d79da12a15edd6d7c366766954c4b6de0247e85ba35ee2ad9f37f972e7080f8a"},
    {file = "zope.interface-4.7.2.tar.gz", hash = "sha256:fd1101bd3fcb4f4cf3485bb20d6cb0b56909b94d3bd2a53a6cb9d381c3da3365"},
]
