[[package]]
category = "dev"
description = "Internationalization utilities"
name = "babel"
optional = false
python-versions = ">=2.7, !=3.0.*, !=3.1.*, !=3.2.*, !=3.3.*"
version = "2.9.0"

[package.dependencies]
pytz = ">=2015.7"

[[package]]
category = "dev"
description = "Version-bump your software with a single command!"
name = "bump2version"
optional = false
python-versions = ">=3.5"
version = "1.0.1"

[[package]]
category = "dev"
description = "Code coverage measurement for Python"
name = "coverage"
optional = false
python-versions = ">=2.7, !=3.0.*, !=3.1.*, !=3.2.*, !=3.3.*, !=3.4.*, <4"
version = "5.3.1"

[package.extras]
toml = ["toml"]

[[package]]
category = "dev"
description = "the modular source code checker: pep8 pyflakes and co"
name = "flake8"
optional = false
python-versions = "!=3.0.*,!=3.1.*,!=3.2.*,!=3.3.*,>=2.7"
version = "3.8.4"

[package.dependencies]
mccabe = ">=0.6.0,<0.7.0"
pycodestyle = ">=2.6.0a1,<2.7.0"
pyflakes = ">=2.2.0,<2.3.0"

[package.dependencies.importlib-metadata]
python = "<3.8"
version = "*"

[[package]]
category = "dev"
description = "Read metadata from Python packages"
marker = "python_version < \"3.8\""
name = "importlib-metadata"
optional = false
python-versions = "!=3.0.*,!=3.1.*,!=3.2.*,!=3.3.*,!=3.4.*,>=2.7"
version = "2.1.1"

[package.dependencies]
zipp = ">=0.5"

[package.extras]
docs = ["sphinx", "rst.linker"]
testing = ["packaging", "pep517", "unittest2", "importlib-resources (>=1.3)"]

[[package]]
category = "dev"
description = "McCabe checker, plugin for flake8"
name = "mccabe"
optional = false
python-versions = "*"
version = "0.6.1"

[[package]]
category = "dev"
description = "nose extends unittest to make testing easier"
name = "nose"
optional = false
python-versions = "*"
version = "1.3.7"

[[package]]
category = "dev"
description = "Extends nose.plugins.cover to add Cobertura-style XML reports"
name = "nosexcover"
optional = false
python-versions = "*"
version = "1.0.11"

[package.dependencies]
coverage = ">=3.4"
nose = "*"

[[package]]
category = "main"
description = "Python Imaging Library (Fork)"
name = "pillow"
optional = false
python-versions = ">=3.5"
version = "7.2.0"

[[package]]
category = "dev"
description = "Python style guide checker"
name = "pycodestyle"
optional = false
python-versions = ">=2.7, !=3.0.*, !=3.1.*, !=3.2.*, !=3.3.*"
version = "2.6.0"

[[package]]
category = "dev"
description = "passive checker of Python programs"
name = "pyflakes"
optional = false
python-versions = ">=2.7, !=3.0.*, !=3.1.*, !=3.2.*, !=3.3.*"
version = "2.2.0"

[[package]]
category = "main"
description = "Python Serial Port Extension"
name = "pyserial"
optional = false
python-versions = "*"
version = "3.5"

[package.extras]
cp2110 = ["hidapi"]

[[package]]
category = "dev"
description = "World timezone definitions, modern and historical"
name = "pytz"
optional = false
python-versions = "*"
version = "2020.5"

[[package]]
category = "main"
description = "QR Code image generator"
name = "qrcode"
optional = false
python-versions = "*"
version = "5.3"

[package.dependencies]
six = "*"

[[package]]
category = "main"
description = "Python 2 and 3 compatibility utilities"
name = "six"
optional = false
python-versions = ">=2.7, !=3.0.*, !=3.1.*, !=3.2.*"
version = "1.15.0"

[[package]]
category = "dev"
description = "Backport of pathlib-compatible object wrapper for zip files"
marker = "python_version < \"3.8\""
name = "zipp"
optional = false
python-versions = ">=2.7"
version = "1.2.0"

[package.extras]
docs = ["sphinx", "jaraco.packaging (>=3.2)", "rst.linker (>=1.9)"]
testing = ["pathlib2", "unittest2", "jaraco.itertools", "func-timeout"]

[[package]]
category = "main"
description = "Interfaces for Python"
name = "zope.interface"
optional = false
python-versions = ">=2.7, !=3.0.*, !=3.1.*, !=3.2.*, !=3.3.*, !=3.4.*"
version = "4.7.2"

[package.dependencies]
setuptools = "*"

[package.extras]
docs = ["sphinx", "repoze.sphinx.autointerface"]
test = ["zope.event"]
testing = ["zope.event", "nose", "coverage"]

[metadata]
content-hash = "e88f938fd19e44d99ec443d32830424452557ee754cbd92d3e55367bf7a84617"
lock-version = "1.0"
python-versions = "^3.5"

[metadata.files]
babel = [
    {file = "Babel-2.9.0-py2.py3-none-any.whl", hash = "sha256:9d35c22fcc79893c3ecc85ac4a56cde1ecf3f19c540bba0922308a6c06ca6fa5"},
    {file = "Babel-2.9.0.tar.gz", hash = "sha256:da031ab54472314f210b0adcff1588ee5d1d1d0ba4dbd07b94dba82bde791e05"},
]
bump2version = [
    {file = "bump2version-1.0.1-py2.py3-none-any.whl", hash = "sha256:37f927ea17cde7ae2d7baf832f8e80ce3777624554a653006c9144f8017fe410"},
    {file = "bump2version-1.0.1.tar.gz", hash = "sha256:762cb2bfad61f4ec8e2bdf452c7c267416f8c70dd9ecb1653fd0bbb01fa936e6"},
]
coverage = [
    {file = "coverage-5.3.1-cp27-cp27m-macosx_10_9_x86_64.whl", hash = "sha256:fabeeb121735d47d8eab8671b6b031ce08514c86b7ad8f7d5490a7b6dcd6267d"},
    {file = "coverage-5.3.1-cp27-cp27m-manylinux1_i686.whl", hash = "sha256:7e4d159021c2029b958b2363abec4a11db0ce8cd43abb0d9ce44284cb97217e7"},
    {file = "coverage-5.3.1-cp27-cp27m-manylinux1_x86_64.whl", hash = "sha256:378ac77af41350a8c6b8801a66021b52da8a05fd77e578b7380e876c0ce4f528"},
    {file = "coverage-5.3.1-cp27-cp27m-manylinux2010_i686.whl", hash = "sha256:e448f56cfeae7b1b3b5bcd99bb377cde7c4eb1970a525c770720a352bc4c8044"},
    {file = "coverage-5.3.1-cp27-cp27m-manylinux2010_x86_64.whl", hash = "sha256:cc44e3545d908ecf3e5773266c487ad1877be718d9dc65fc7eb6e7d14960985b"},
    {file = "coverage-5.3.1-cp27-cp27m-win32.whl", hash = "sha256:08b3ba72bd981531fd557f67beee376d6700fba183b167857038997ba30dd297"},
    {file = "coverage-5.3.1-cp27-cp27m-win_amd64.whl", hash = "sha256:8dacc4073c359f40fcf73aede8428c35f84639baad7e1b46fce5ab7a8a7be4bb"},
    {file = "coverage-5.3.1-cp27-cp27mu-manylinux1_i686.whl", hash = "sha256:ee2f1d1c223c3d2c24e3afbb2dd38be3f03b1a8d6a83ee3d9eb8c36a52bee899"},
    {file = "coverage-5.3.1-cp27-cp27mu-manylinux1_x86_64.whl", hash = "sha256:9a9d4ff06804920388aab69c5ea8a77525cf165356db70131616acd269e19b36"},
    {file = "coverage-5.3.1-cp27-cp27mu-manylinux2010_i686.whl", hash = "sha256:782a5c7df9f91979a7a21792e09b34a658058896628217ae6362088b123c8500"},
    {file = "coverage-5.3.1-cp27-cp27mu-manylinux2010_x86_64.whl", hash = "sha256:fda29412a66099af6d6de0baa6bd7c52674de177ec2ad2630ca264142d69c6c7"},
    {file = "coverage-5.3.1-cp35-cp35m-macosx_10_9_x86_64.whl", hash = "sha256:f2c6888eada180814b8583c3e793f3f343a692fc802546eed45f40a001b1169f"},
    {file = "coverage-5.3.1-cp35-cp35m-manylinux1_i686.whl", hash = "sha256:8f33d1156241c43755137288dea619105477961cfa7e47f48dbf96bc2c30720b"},
    {file = "coverage-5.3.1-cp35-cp35m-manylinux1_x86_64.whl", hash = "sha256:b239711e774c8eb910e9b1ac719f02f5ae4bf35fa0420f438cdc3a7e4e7dd6ec"},
    {file = "coverage-5.3.1-cp35-cp35m-manylinux2010_i686.whl", hash = "sha256:f54de00baf200b4539a5a092a759f000b5f45fd226d6d25a76b0dff71177a714"},
    {file = "coverage-5.3.1-cp35-cp35m-manylinux2010_x86_64.whl", hash = "sha256:be0416074d7f253865bb67630cf7210cbc14eb05f4099cc0f82430135aaa7a3b"},
    {file = "coverage-5.3.1-cp35-cp35m-win32.whl", hash = "sha256:c46643970dff9f5c976c6512fd35768c4a3819f01f61169d8cdac3f9290903b7"},
    {file = "coverage-5.3.1-cp35-cp35m-win_amd64.whl", hash = "sha256:9a4f66259bdd6964d8cf26142733c81fb562252db74ea367d9beb4f815478e72"},
    {file = "coverage-5.3.1-cp36-cp36m-macosx_10_9_x86_64.whl", hash = "sha256:c6e5174f8ca585755988bc278c8bb5d02d9dc2e971591ef4a1baabdf2d99589b"},
    {file = "coverage-5.3.1-cp36-cp36m-manylinux1_i686.whl", hash = "sha256:3911c2ef96e5ddc748a3c8b4702c61986628bb719b8378bf1e4a6184bbd48fe4"},
    {file = "coverage-5.3.1-cp36-cp36m-manylinux1_x86_64.whl", hash = "sha256:c5ec71fd4a43b6d84ddb88c1df94572479d9a26ef3f150cef3dacefecf888105"},
    {file = "coverage-5.3.1-cp36-cp36m-manylinux2010_i686.whl", hash = "sha256:f51dbba78d68a44e99d484ca8c8f604f17e957c1ca09c3ebc2c7e3bbd9ba0448"},
    {file = "coverage-5.3.1-cp36-cp36m-manylinux2010_x86_64.whl", hash = "sha256:a2070c5affdb3a5e751f24208c5c4f3d5f008fa04d28731416e023c93b275277"},
    {file = "coverage-5.3.1-cp36-cp36m-win32.whl", hash = "sha256:535dc1e6e68fad5355f9984d5637c33badbdc987b0c0d303ee95a6c979c9516f"},
    {file = "coverage-5.3.1-cp36-cp36m-win_amd64.whl", hash = "sha256:a4857f7e2bc6921dbd487c5c88b84f5633de3e7d416c4dc0bb70256775551a6c"},
    {file = "coverage-5.3.1-cp37-cp37m-macosx_10_9_x86_64.whl", hash = "sha256:fac3c432851038b3e6afe086f777732bcf7f6ebbfd90951fa04ee53db6d0bcdd"},
    {file = "coverage-5.3.1-cp37-cp37m-manylinux1_i686.whl", hash = "sha256:cd556c79ad665faeae28020a0ab3bda6cd47d94bec48e36970719b0b86e4dcf4"},
    {file = "coverage-5.3.1-cp37-cp37m-manylinux1_x86_64.whl", hash = "sha256:a66ca3bdf21c653e47f726ca57f46ba7fc1f260ad99ba783acc3e58e3ebdb9ff"},
    {file = "coverage-5.3.1-cp37-cp37m-manylinux2010_i686.whl", hash = "sha256:ab110c48bc3d97b4d19af41865e14531f300b482da21783fdaacd159251890e8"},
    {file = "coverage-5.3.1-cp37-cp37m-manylinux2010_x86_64.whl", hash = "sha256:e52d3d95df81c8f6b2a1685aabffadf2d2d9ad97203a40f8d61e51b70f191e4e"},
    {file = "coverage-5.3.1-cp37-cp37m-win32.whl", hash = "sha256:fa10fee7e32213f5c7b0d6428ea92e3a3fdd6d725590238a3f92c0de1c78b9d2"},
    {file = "coverage-5.3.1-cp37-cp37m-win_amd64.whl", hash = "sha256:ce6f3a147b4b1a8b09aae48517ae91139b1b010c5f36423fa2b866a8b23df879"},
    {file = "coverage-5.3.1-cp38-cp38-macosx_10_9_x86_64.whl", hash = "sha256:93a280c9eb736a0dcca19296f3c30c720cb41a71b1f9e617f341f0a8e791a69b"},
    {file = "coverage-5.3.1-cp38-cp38-manylinux1_i686.whl", hash = "sha256:3102bb2c206700a7d28181dbe04d66b30780cde1d1c02c5f3c165cf3d2489497"},
    {file = "coverage-5.3.1-cp38-cp38-manylinux1_x86_64.whl", hash = "sha256:8ffd4b204d7de77b5dd558cdff986a8274796a1e57813ed005b33fd97e29f059"},
    {file = "coverage-5.3.1-cp38-cp38-manylinux2010_i686.whl", hash = "sha256:a607ae05b6c96057ba86c811d9c43423f35e03874ffb03fbdcd45e0637e8b631"},
    {file = "coverage-5.3.1-cp38-cp38-manylinux2010_x86_64.whl", hash = "sha256:3a3c3f8863255f3c31db3889f8055989527173ef6192a283eb6f4db3c579d830"},
    {file = "coverage-5.3.1-cp38-cp38-win32.whl", hash = "sha256:ff1330e8bc996570221b450e2d539134baa9465f5cb98aff0e0f73f34172e0ae"},
    {file = "coverage-5.3.1-cp38-cp38-win_amd64.whl", hash = "sha256:3498b27d8236057def41de3585f317abae235dd3a11d33e01736ffedb2ef8606"},
    {file = "coverage-5.3.1-cp39-cp39-macosx_10_9_x86_64.whl", hash = "sha256:ceb499d2b3d1d7b7ba23abe8bf26df5f06ba8c71127f188333dddcf356b4b63f"},
    {file = "coverage-5.3.1-cp39-cp39-manylinux1_i686.whl", hash = "sha256:3b14b1da110ea50c8bcbadc3b82c3933974dbeea1832e814aab93ca1163cd4c1"},
    {file = "coverage-5.3.1-cp39-cp39-manylinux1_x86_64.whl", hash = "sha256:76b2775dda7e78680d688daabcb485dc87cf5e3184a0b3e012e1d40e38527cc8"},
    {file = "coverage-5.3.1-cp39-cp39-manylinux2010_i686.whl", hash = "sha256:cef06fb382557f66d81d804230c11ab292d94b840b3cb7bf4450778377b592f4"},
    {file = "coverage-5.3.1-cp39-cp39-manylinux2010_x86_64.whl", hash = "sha256:6f61319e33222591f885c598e3e24f6a4be3533c1d70c19e0dc59e83a71ce27d"},
    {file = "coverage-5.3.1-cp39-cp39-win32.whl", hash = "sha256:cc6f8246e74dd210d7e2b56c76ceaba1cc52b025cd75dbe96eb48791e0250e98"},
    {file = "coverage-5.3.1-cp39-cp39-win_amd64.whl", hash = "sha256:2757fa64e11ec12220968f65d086b7a29b6583d16e9a544c889b22ba98555ef1"},
    {file = "coverage-5.3.1-pp36-none-any.whl", hash = "sha256:723d22d324e7997a651478e9c5a3120a0ecbc9a7e94071f7e1954562a8806cf3"},
    {file = "coverage-5.3.1-pp37-none-any.whl", hash = "sha256:c89b558f8a9a5a6f2cfc923c304d49f0ce629c3bd85cb442ca258ec20366394c"},
    {file = "coverage-5.3.1.tar.gz", hash = "sha256:38f16b1317b8dd82df67ed5daa5f5e7c959e46579840d77a67a4ceb9cef0a50b"},
]
flake8 = [
    {file = "flake8-3.8.4-py2.py3-none-any.whl", hash = "sha256:749dbbd6bfd0cf1318af27bf97a14e28e5ff548ef8e5b1566ccfb25a11e7c839"},
    {file = "flake8-3.8.4.tar.gz", hash = "sha256:aadae8761ec651813c24be05c6f7b4680857ef6afaae4651a4eccaef97ce6c3b"},
]
importlib-metadata = [
    {file = "importlib_metadata-2.1.1-py2.py3-none-any.whl", hash = "sha256:c2d6341ff566f609e89a2acb2db190e5e1d23d5409d6cc8d2fe34d72443876d4"},
    {file = "importlib_metadata-2.1.1.tar.gz", hash = "sha256:b8de9eff2b35fb037368f28a7df1df4e6436f578fa74423505b6c6a778d5b5dd"},
]
mccabe = [
    {file = "mccabe-0.6.1-py2.py3-none-any.whl", hash = "sha256:ab8a6258860da4b6677da4bd2fe5dc2c659cff31b3ee4f7f5d64e79735b80d42"},
    {file = "mccabe-0.6.1.tar.gz", hash = "sha256:dd8d182285a0fe56bace7f45b5e7d1a6ebcbf524e8f3bd87eb0f125271b8831f"},
]
nose = [
    {file = "nose-1.3.7-py2-none-any.whl", hash = "sha256:dadcddc0aefbf99eea214e0f1232b94f2fa9bd98fa8353711dacb112bfcbbb2a"},
    {file = "nose-1.3.7-py3-none-any.whl", hash = "sha256:9ff7c6cc443f8c51994b34a667bbcf45afd6d945be7477b52e97516fd17c53ac"},
    {file = "nose-1.3.7.tar.gz", hash = "sha256:f1bffef9cbc82628f6e7d7b40d7e255aefaa1adb6a1b1d26c69a8b79e6208a98"},
]
nosexcover = [
    {file = "nosexcover-1.0.11-py2.py3-none-any.whl", hash = "sha256:445de3e7f0b2d1bf0b53ac21aa924870eb2b46cc1aa4cc91629639a606b39177"},
    {file = "nosexcover-1.0.11.tar.gz", hash = "sha256:298c3c655da587f6cab8a666e9f4b150320032431062dea91353988d45c8b883"},
]
pillow = [
    {file = "Pillow-7.2.0-cp35-cp35m-macosx_10_10_intel.whl", hash = "sha256:1ca594126d3c4def54babee699c055a913efb01e106c309fa6b04405d474d5ae"},
    {file = "Pillow-7.2.0-cp35-cp35m-manylinux1_i686.whl", hash = "sha256:c92302a33138409e8f1ad16731568c55c9053eee71bb05b6b744067e1b62380f"},
    {file = "Pillow-7.2.0-cp35-cp35m-manylinux1_x86_64.whl", hash = "sha256:8dad18b69f710bf3a001d2bf3afab7c432785d94fcf819c16b5207b1cfd17d38"},
    {file = "Pillow-7.2.0-cp35-cp35m-manylinux2014_aarch64.whl", hash = "sha256:431b15cffbf949e89df2f7b48528be18b78bfa5177cb3036284a5508159492b5"},
    {file = "Pillow-7.2.0-cp35-cp35m-win32.whl", hash = "sha256:09d7f9e64289cb40c2c8d7ad674b2ed6105f55dc3b09aa8e4918e20a0311e7ad"},
    {file = "Pillow-7.2.0-cp35-cp35m-win_amd64.whl", hash = "sha256:0295442429645fa16d05bd567ef5cff178482439c9aad0411d3f0ce9b88b3a6f"},
    {file = "Pillow-7.2.0-cp36-cp36m-macosx_10_10_x86_64.whl", hash = "sha256:ec29604081f10f16a7aea809ad42e27764188fc258b02259a03a8ff7ded3808d"},
    {file = "Pillow-7.2.0-cp36-cp36m-manylinux1_i686.whl", hash = "sha256:612cfda94e9c8346f239bf1a4b082fdd5c8143cf82d685ba2dba76e7adeeb233"},
    {file = "Pillow-7.2.0-cp36-cp36m-manylinux1_x86_64.whl", hash = "sha256:0a80dd307a5d8440b0a08bd7b81617e04d870e40a3e46a32d9c246e54705e86f"},
    {file = "Pillow-7.2.0-cp36-cp36m-manylinux2014_aarch64.whl", hash = "sha256:06aba4169e78c439d528fdeb34762c3b61a70813527a2c57f0540541e9f433a8"},
    {file = "Pillow-7.2.0-cp36-cp36m-win32.whl", hash = "sha256:f7e30c27477dffc3e85c2463b3e649f751789e0f6c8456099eea7ddd53be4a8a"},
    {file = "Pillow-7.2.0-cp36-cp36m-win_amd64.whl", hash = "sha256:ffe538682dc19cc542ae7c3e504fdf54ca7f86fb8a135e59dd6bc8627eae6cce"},
    {file = "Pillow-7.2.0-cp37-cp37m-macosx_10_10_x86_64.whl", hash = "sha256:94cf49723928eb6070a892cb39d6c156f7b5a2db4e8971cb958f7b6b104fb4c4"},
    {file = "Pillow-7.2.0-cp37-cp37m-manylinux1_i686.whl", hash = "sha256:6edb5446f44d901e8683ffb25ebdfc26988ee813da3bf91e12252b57ac163727"},
    {file = "Pillow-7.2.0-cp37-cp37m-manylinux1_x86_64.whl", hash = "sha256:52125833b070791fcb5710fabc640fc1df07d087fc0c0f02d3661f76c23c5b8b"},
    {file = "Pillow-7.2.0-cp37-cp37m-manylinux2014_aarch64.whl", hash = "sha256:9ad7f865eebde135d526bb3163d0b23ffff365cf87e767c649550964ad72785d"},
    {file = "Pillow-7.2.0-cp37-cp37m-win32.whl", hash = "sha256:c79f9c5fb846285f943aafeafda3358992d64f0ef58566e23484132ecd8d7d63"},
    {file = "Pillow-7.2.0-cp37-cp37m-win_amd64.whl", hash = "sha256:d350f0f2c2421e65fbc62690f26b59b0bcda1b614beb318c81e38647e0f673a1"},
    {file = "Pillow-7.2.0-cp38-cp38-macosx_10_10_x86_64.whl", hash = "sha256:6d7741e65835716ceea0fd13a7d0192961212fd59e741a46bbed7a473c634ed6"},
    {file = "Pillow-7.2.0-cp38-cp38-manylinux1_i686.whl", hash = "sha256:edf31f1150778abd4322444c393ab9c7bd2af271dd4dafb4208fb613b1f3cdc9"},
    {file = "Pillow-7.2.0-cp38-cp38-manylinux1_x86_64.whl", hash = "sha256:d08b23fdb388c0715990cbc06866db554e1822c4bdcf6d4166cf30ac82df8c41"},
    {file = "Pillow-7.2.0-cp38-cp38-manylinux2014_aarch64.whl", hash = "sha256:5e51ee2b8114def244384eda1c82b10e307ad9778dac5c83fb0943775a653cd8"},
    {file = "Pillow-7.2.0-cp38-cp38-win32.whl", hash = "sha256:725aa6cfc66ce2857d585f06e9519a1cc0ef6d13f186ff3447ab6dff0a09bc7f"},
    {file = "Pillow-7.2.0-cp38-cp38-win_amd64.whl", hash = "sha256:a060cf8aa332052df2158e5a119303965be92c3da6f2d93b6878f0ebca80b2f6"},
    {file = "Pillow-7.2.0-pp36-pypy36_pp73-macosx_10_10_x86_64.whl", hash = "sha256:9c87ef410a58dd54b92424ffd7e28fd2ec65d2f7fc02b76f5e9b2067e355ebf6"},
    {file = "Pillow-7.2.0-pp36-pypy36_pp73-manylinux2010_x86_64.whl", hash = "sha256:e901964262a56d9ea3c2693df68bc9860b8bdda2b04768821e4c44ae797de117"},
    {file = "Pillow-7.2.0-pp36-pypy36_pp73-win32.whl", hash = "sha256:25930fadde8019f374400f7986e8404c8b781ce519da27792cbe46eabec00c4d"},
    {file = "Pillow-7.2.0.tar.gz", hash = "sha256:97f9e7953a77d5a70f49b9a48da7776dc51e9b738151b22dacf101641594a626"},
]
pycodestyle = [
    {file = "pycodestyle-2.6.0-py2.py3-none-any.whl", hash = "sha256:2295e7b2f6b5bd100585ebcb1f616591b652db8a741695b3d8f5d28bdc934367"},
    {file = "pycodestyle-2.6.0.tar.gz", hash = "sha256:c58a7d2815e0e8d7972bf1803331fb0152f867bd89adf8a01dfd55085434192e"},
]
pyflakes = [
    {file = "pyflakes-2.2.0-py2.py3-none-any.whl", hash = "sha256:0d94e0e05a19e57a99444b6ddcf9a6eb2e5c68d3ca1e98e90707af8152c90a92"},
    {file = "pyflakes-2.2.0.tar.gz", hash = "sha256:35b2d75ee967ea93b55750aa9edbbf72813e06a66ba54438df2cfac9e3c27fc8"},
]
pyserial = [
    {file = "pyserial-3.5-py2.py3-none-any.whl", hash = "sha256:c4451db6ba391ca6ca299fb3ec7bae67a5c55dde170964c7a14ceefec02f2cf0"},
    {file = "pyserial-3.5.tar.gz", hash = "sha256:3c77e014170dfffbd816e6ffc205e9842efb10be9f58ec16d3e8675b4925cddb"},
]
pytz = [
    {file = "pytz-2020.5-py2.py3-none-any.whl", hash = "sha256:16962c5fb8db4a8f63a26646d8886e9d769b6c511543557bc84e9569fb9a9cb4"},
    {file = "pytz-2020.5.tar.gz", hash = "sha256:180befebb1927b16f6b57101720075a984c019ac16b1b7575673bea42c6c3da5"},
]
qrcode = [
    {file = "qrcode-5.3-py2.py3-none-any.whl", hash = "sha256:60222a612b83231ed99e6cb36e55311227c395d0d0f62e41bb51ebbb84a9a22b"},
    {file = "qrcode-5.3.tar.gz", hash = "sha256:4115ccee832620df16b659d4653568331015c718a754855caf5930805d76924e"},
]
six = [
    {file = "six-1.15.0-py2.py3-none-any.whl", hash = "sha256:8b74bedcbbbaca38ff6d7491d76f2b06b3592611af620f8426e82dddb04a5ced"},
    {file = "six-1.15.0.tar.gz", hash = "sha256:30639c035cdb23534cd4aa2dd52c3bf48f06e5f4a941509c8bafd8ce11080259"},
]
zipp = [
    {file = "zipp-1.2.0-py2.py3-none-any.whl", hash = "sha256:e0d9e63797e483a30d27e09fffd308c59a700d365ec34e93cc100844168bf921"},
    {file = "zipp-1.2.0.tar.gz", hash = "sha256:c70410551488251b0fee67b460fb9a536af8d6f9f008ad10ac51f615b6a521b1"},
]
"zope.interface" = [
    {file = "zope.interface-4.7.2-cp27-cp27m-macosx_10_9_x86_64.whl", hash = "sha256:34381fcecc6e6f57d72bc2fab6175976eeacdd61dbb34427a37b260238278199"},
    {file = "zope.interface-4.7.2-cp27-cp27m-manylinux1_i686.whl", hash = "sha256:4d0830e1d544b2c303064ec01923de2b9d6f5b5d0d78608a91d758b0f469361c"},
    {file = "zope.interface-4.7.2-cp27-cp27m-manylinux1_x86_64.whl", hash = "sha256:73a618e734803ded8b8d8f14f9a6371c6a1acc445840cf6ae57733041e796671"},
    {file = "zope.interface-4.7.2-cp27-cp27m-manylinux2010_i686.whl", hash = "sha256:a82d36ecc28e72904388f72f57f3c04aee7c43a019e302d61944b3886c261be3"},
    {file = "zope.interface-4.7.2-cp27-cp27m-manylinux2010_x86_64.whl", hash = "sha256:b0029f193d91a1e0085e4a99dd71e4c63a3e7826ec4a8d2ea457f02e1b6b0bb4"},
    {file = "zope.interface-4.7.2-cp27-cp27m-win32.whl", hash = "sha256:d8a0cb84de725ccd6abd9b5bd32cb94a11db336076fb6d459f1fed23d0719e0c"},
    {file = "zope.interface-4.7.2-cp27-cp27m-win_amd64.whl", hash = "sha256:a36e7e1972109504dfa0995a89b6c24a990113eb4cedef93d0eaf1452901b6ac"},
    {file = "zope.interface-4.7.2-cp27-cp27mu-manylinux1_i686.whl", hash = "sha256:2690fd5b042062d866017db11ce1e12d4862df28614cc2915dc57e52b46a8594"},
    {file = "zope.interface-4.7.2-cp27-cp27mu-manylinux1_x86_64.whl", hash = "sha256:0616040d5a18786aff5d25ef6e1fa0f875b7ba5b6f1a923c1153be81dd9c65ad"},
    {file = "zope.interface-4.7.2-cp27-cp27mu-manylinux2010_i686.whl", hash = "sha256:6f1e8914eee2e3a0bcf435d963ca5cf3a3df89a47cbd3e2b16343bc875194fed"},
    {file = "zope.interface-4.7.2-cp27-cp27mu-manylinux2010_x86_64.whl", hash = "sha256:a41a34c55887743ee124e8f696217dec1a7eead1164d27ef27dfae528c396a23"},
    {file = "zope.interface-4.7.2-cp35-cp35m-macosx_10_6_intel.whl", hash = "sha256:1033e7bb858c398580ca7cbb50f15b715e6031d5772f8a1bde4042c12300a52a"},
    {file = "zope.interface-4.7.2-cp35-cp35m-manylinux1_i686.whl", hash = "sha256:ae6c4a1fa696c12c3b654fa0d160f3781271f0edbbb0ae50f285a91f2a272a09"},
    {file = "zope.interface-4.7.2-cp35-cp35m-manylinux1_x86_64.whl", hash = "sha256:64446f9baa2c51f47b0e272939c583ffd220e67f5bcbc2f18dd244c5a46a7018"},
    {file = "zope.interface-4.7.2-cp35-cp35m-manylinux2010_i686.whl", hash = "sha256:a7b50fa86c1bd863ef3b3314da62928c015a732bb0aef220852b9606104f0df5"},
    {file = "zope.interface-4.7.2-cp35-cp35m-manylinux2010_x86_64.whl", hash = "sha256:a9fce290a6ba88e5e6e81dd1e800c045212df69ab69d1de0d303b1af9cec692f"},
    {file = "zope.interface-4.7.2-cp35-cp35m-win32.whl", hash = "sha256:f044fec9c7e1b0ec6fdf0d3abc648c2f3b9128933051a9a73af52dbdd9e6d6e9"},
    {file = "zope.interface-4.7.2-cp35-cp35m-win_amd64.whl", hash = "sha256:23c4a70a9abb8faa35e2967e2e7cbd9225512b706b6eb96b01eb1ccbb2b632c3"},
    {file = "zope.interface-4.7.2-cp36-cp36m-macosx_10_6_intel.whl", hash = "sha256:61b95dbfd03ce2a55c38da711cba7130605dbef4839ca12b53c46827826c5c5b"},
    {file = "zope.interface-4.7.2-cp36-cp36m-manylinux1_i686.whl", hash = "sha256:98a21acc7d1e45fcb700831b66ec6c84a3c2a5a94868d72ef83565966adc474f"},
    {file = "zope.interface-4.7.2-cp36-cp36m-manylinux1_x86_64.whl", hash = "sha256:6f2bf246ee9350f428860c37db6158cfb27a7e585d60b2bb3b88864810875835"},
    {file = "zope.interface-4.7.2-cp36-cp36m-manylinux2010_i686.whl", hash = "sha256:b12241fac561b635329c3275e911a53e104b43875b99d31332d006d52e180912"},
    {file = "zope.interface-4.7.2-cp36-cp36m-manylinux2010_x86_64.whl", hash = "sha256:7d3c4f10b7a8502a68a8eadcd57e86a35e3948af3edee7bd49a21b225361b0da"},
    {file = "zope.interface-4.7.2-cp36-cp36m-win32.whl", hash = "sha256:02339c53bbf7e438dec371af1f401e4843f9dc5765b3b032032b195dd72b47f2"},
    {file = "zope.interface-4.7.2-cp36-cp36m-win_amd64.whl", hash = "sha256:31fdcc9eaf2c379e8b416184a0749ce3f95fdaf206b092b63bdc065aecca6a95"},
    {file = "zope.interface-4.7.2-cp37-cp37m-macosx_10_9_x86_64.whl", hash = "sha256:9e67e9fa7dc43210ad766cd6eef133d9d256a530fe07e5585685cdc742170d10"},
    {file = "zope.interface-4.7.2-cp37-cp37m-manylinux1_i686.whl", hash = "sha256:b906dda76ab70b6905ef3014260e7f1c861a0c4841e29826eb34a6187255504b"},
    {file = "zope.interface-4.7.2-cp37-cp37m-manylinux1_x86_64.whl", hash = "sha256:07de051fac6dedc6c659034f80bc46623edc776c757fa26f3f467954b12d2403"},
    {file = "zope.interface-4.7.2-cp37-cp37m-manylinux2010_i686.whl", hash = "sha256:36e7438d2f71153cea6b119ddd2648bc010cec4368fd8e7170e50090c0d7ed19"},
    {file = "zope.interface-4.7.2-cp37-cp37m-manylinux2010_x86_64.whl", hash = "sha256:4855384c27fe7e31efbee32f74659421d64e5bfa8b7df2ec08d306d0f3d4cee6"},
    {file = "zope.interface-4.7.2-cp37-cp37m-win32.whl", hash = "sha256:3b6a2ef2c6b4e9786939bd9861e7b98bc01cb3024f87c8cf4b78872f2afcf584"},
    {file = "zope.interface-4.7.2-cp37-cp37m-win_amd64.whl", hash = "sha256:eb92c733be08c6e2b8dfd4613d1b3c2f345ca4f83219d40fda4680333d3a0dc4"},
    {file = "zope.interface-4.7.2-cp38-cp38-manylinux1_i686.whl", hash = "sha256:07a8bb9110854c0ab9329adbbec7050af242a78a62e226ab49e9c2182090f501"},
    {file = "zope.interface-4.7.2-cp38-cp38-manylinux1_x86_64.whl", hash = "sha256:11db683f49652b34aa87904b27d00f9032fa2db7f1f9676c05b13361a3c7547c"},
    {file = "zope.interface-4.7.2-cp38-cp38-manylinux2010_i686.whl", hash = "sha256:65cef4766be4be9372621cd17773424302c21785dfaf6e9bd5b64b1f1264f9cc"},
    {file = "zope.interface-4.7.2-cp38-cp38-manylinux2010_x86_64.whl", hash = "sha256:08ae0a88ac29b92faff069e0511ad27197b3274bdf67ebd8c75aaeb05823c7af"},
    {file = "zope.interface-4.7.2-cp38-cp38-win32.whl", hash = "sha256:993051db4278f9ec3b191ae823a7bb32b6a91fed6e960d43500fc4ce64cdb4e0"},
    {file = "zope.interface-4.7.2-cp38-cp38-win_amd64.whl", hash = "sha256:d79da12a15edd6d7c366766954c4b6de0247e85ba35ee2ad9f37f972e7080f8a"},
    {file = "zope.interface-4.7.2.tar.gz", hash = "sha256:fd1101bd3fcb4f4cf3485bb20d6cb0b56909b94d3bd2a53a6cb9d381c3da3365"},
]
